
Microsoft Visual Studio Solution File, Format Version 12.00
# Visual Studio Version 17
VisualStudioVersion = 17.14.36518.9 d17.14
MinimumVisualStudioVersion = 10.0.40219.1
Project("{FAE04EC0-301F-11D3-BF4B-00C04F79EFBC}") = "WebApiATB", "WebApiATB\WebApiATB.csproj", "{DF2C8392-301B-485B-9347-BD892DC44F2D}"
EndProject
Project("{FAE04EC0-301F-11D3-BF4B-00C04F79EFBC}") = "Domain", "Domain\Domain.csproj", "{6D170AA6-FF86-4B99-8710-4723E6FA9C3F}"
EndProject
Project("{FAE04EC0-301F-11D3-BF4B-00C04F79EFBC}") = "Core", "Core\Core.csproj", "{DA005449-A95F-4B69-A12B-BAF2DFDA3CBE}"
EndProject
Global
	GlobalSection(SolutionConfigurationPlatforms) = preSolution
		Debug|Any CPU = Debug|Any CPU
		Release|Any CPU = Release|Any CPU
	EndGlobalSection
	GlobalSection(ProjectConfigurationPlatforms) = postSolution
		{DF2C8392-301B-485B-9347-BD892DC44F2D}.Debug|Any CPU.ActiveCfg = Debug|Any CPU
		{DF2C8392-301B-485B-9347-BD892DC44F2D}.Debug|Any CPU.Build.0 = Debug|Any CPU
		{DF2C8392-301B-485B-9347-BD892DC44F2D}.Release|Any CPU.ActiveCfg = Release|Any CPU
		{DF2C8392-301B-485B-9347-BD892DC44F2D}.Release|Any CPU.Build.0 = Release|Any CPU
		{6D170AA6-FF86-4B99-8710-4723E6FA9C3F}.Debug|Any CPU.ActiveCfg = Debug|Any CPU
		{6D170AA6-FF86-4B99-8710-4723E6FA9C3F}.Debug|Any CPU.Build.0 = Debug|Any CPU
		{6D170AA6-FF86-4B99-8710-4723E6FA9C3F}.Release|Any CPU.ActiveCfg = Release|Any CPU
		{6D170AA6-FF86-4B99-8710-4723E6FA9C3F}.Release|Any CPU.Build.0 = Release|Any CPU
		{DA005449-A95F-4B69-A12B-BAF2DFDA3CBE}.Debug|Any CPU.ActiveCfg = Debug|Any CPU
		{DA005449-A95F-4B69-A12B-BAF2DFDA3CBE}.Debug|Any CPU.Build.0 = Debug|Any CPU
		{DA005449-A95F-4B69-A12B-BAF2DFDA3CBE}.Release|Any CPU.ActiveCfg = Release|Any CPU
		{DA005449-A95F-4B69-A12B-BAF2DFDA3CBE}.Release|Any CPU.Build.0 = Release|Any CPU
	EndGlobalSection
	GlobalSection(SolutionProperties) = preSolution
		HideSolutionNode = FALSE
	EndGlobalSection
	GlobalSection(ExtensibilityGlobals) = postSolution
		SolutionGuid = {EA270532-E20B-4D75-8CB6-80BDABE007D0}
	EndGlobalSection
EndGlobal
